
Microsoft Visual Studio Solution File, Format Version 12.00
# Visual Studio Version 17
VisualStudioVersion = 17.10.35027.167
MinimumVisualStudioVersion = 10.0.40219.1
Project("{8BC9CEB8-8B4A-11D0-8D11-00A0C91BC942}") = "FIR", "FIR\FIR.vcxproj", "{B22C11D6-C0A0-44AF-8A5B-CC8C878AC55F}"
EndProject
Global
	GlobalSection(SolutionConfigurationPlatforms) = preSolution
		Debug|x64 = Debug|x64
		Debug|x86 = Debug|x86
		Release|x64 = Release|x64
		Release|x86 = Release|x86
	EndGlobalSection
	GlobalSection(ProjectConfigurationPlatforms) = postSolution
		{B22C11D6-C0A0-44AF-8A5B-CC8C878AC55F}.Debug|x64.ActiveCfg = Debug|x64
		{B22C11D6-C0A0-44AF-8A5B-CC8C878AC55F}.Debug|x64.Build.0 = Debug|x64
		{B22C11D6-C0A0-44AF-8A5B-CC8C878AC55F}.Debug|x86.ActiveCfg = Debug|Win32
		{B22C11D6-C0A0-44AF-8A5B-CC8C878AC55F}.Debug|x86.Build.0 = Debug|Win32
		{B22C11D6-C0A0-44AF-8A5B-CC8C878AC55F}.Release|x64.ActiveCfg = Release|x64
		{B22C11D6-C0A0-44AF-8A5B-CC8C878AC55F}.Release|x64.Build.0 = Release|x64
		{B22C11D6-C0A0-44AF-8A5B-CC8C878AC55F}.Release|x86.ActiveCfg = Release|Win32
		{B22C11D6-C0A0-44AF-8A5B-CC8C878AC55F}.Release|x86.Build.0 = Release|Win32
	EndGlobalSection
	GlobalSection(SolutionProperties) = preSolution
		HideSolutionNode = FALSE
	EndGlobalSection
	GlobalSection(ExtensibilityGlobals) = postSolution
		SolutionGuid = {60321AC3-2550-4927-B494-F7D6DA6A061C}
	EndGlobalSection
EndGlobal
